// !$*UTF8*$!
{
	archiveVersion = 1;
	classes = {
	};
	objectVersion = 56;
	objects = {

/* Begin PBXBuildFile section */
		845BDB7A2943511200CBF372 /* AppDelegate.swift in Sources */ = {isa = PBXBuildFile; fileRef = 845BDB792943511200CBF372 /* AppDelegate.swift */; };
		845BDB812943511200CBF372 /* Main.storyboard in Resources */ = {isa = PBXBuildFile; fileRef = 845BDB7F2943511200CBF372 /* Main.storyboard */; };
		845BDB832943511500CBF372 /* Assets.xcassets in Resources */ = {isa = PBXBuildFile; fileRef = 845BDB822943511500CBF372 /* Assets.xcassets */; };
		845BDB862943511500CBF372 /* LaunchScreen.storyboard in Resources */ = {isa = PBXBuildFile; fileRef = 845BDB842943511500CBF372 /* LaunchScreen.storyboard */; };
		845BDB912943511600CBF372 /* ProxyTests.swift in Sources */ = {isa = PBXBuildFile; fileRef = 845BDB902943511600CBF372 /* ProxyTests.swift */; };
		845BDB9B2943511600CBF372 /* ProxyUITests.swift in Sources */ = {isa = PBXBuildFile; fileRef = 845BDB9A2943511600CBF372 /* ProxyUITests.swift */; };
		845BDB9D2943511600CBF372 /* ProxyUITestsLaunchTests.swift in Sources */ = {isa = PBXBuildFile; fileRef = 845BDB9C2943511600CBF372 /* ProxyUITestsLaunchTests.swift */; };
		845BDBAF2943516C00CBF372 /* ProxyVC.swift in Sources */ = {isa = PBXBuildFile; fileRef = 845BDBAE2943516C00CBF372 /* ProxyVC.swift */; };
		845BDBB42943520800CBF372 /* Subject.swift in Sources */ = {isa = PBXBuildFile; fileRef = 845BDBB32943520800CBF372 /* Subject.swift */; };
		845BDBB82943524100CBF372 /* RealSubject.swift in Sources */ = {isa = PBXBuildFile; fileRef = 845BDBB72943524100CBF372 /* RealSubject.swift */; };
		845BDBBB2943525A00CBF372 /* Proxy.swift in Sources */ = {isa = PBXBuildFile; fileRef = 845BDBBA2943525A00CBF372 /* Proxy.swift */; };
		845BDBBD2943526C00CBF372 /* Client.swift in Sources */ = {isa = PBXBuildFile; fileRef = 845BDBBC2943526C00CBF372 /* Client.swift */; };
		845BDBC0294352C900CBF372 /* AccessField.swift in Sources */ = {isa = PBXBuildFile; fileRef = 845BDBBF294352C900CBF372 /* AccessField.swift */; };
		845BDBC3294352E200CBF372 /* ProfileService.swift in Sources */ = {isa = PBXBuildFile; fileRef = 845BDBC2294352E200CBF372 /* ProfileService.swift */; };
		845BDBC6294352F900CBF372 /* ProfileProxy.swift in Sources */ = {isa = PBXBuildFile; fileRef = 845BDBC5294352F900CBF372 /* ProfileProxy.swift */; };
		845BDBC92943531400CBF372 /* Keychain.swift in Sources */ = {isa = PBXBuildFile; fileRef = 845BDBC82943531400CBF372 /* Keychain.swift */; };
		845BDBCE2943533F00CBF372 /* BiometricsService.swift in Sources */ = {isa = PBXBuildFile; fileRef = 845BDBCD2943533F00CBF372 /* BiometricsService.swift */; };
		845BDBD12943535E00CBF372 /* Profile.swift in Sources */ = {isa = PBXBuildFile; fileRef = 845BDBD02943535E00CBF372 /* Profile.swift */; };
		845BDBD32943536B00CBF372 /* BankAccount.swift in Sources */ = {isa = PBXBuildFile; fileRef = 845BDBD22943536B00CBF372 /* BankAccount.swift */; };
		845BDBD52943537A00CBF372 /* ProfileError.swift in Sources */ = {isa = PBXBuildFile; fileRef = 845BDBD42943537A00CBF372 /* ProfileError.swift */; };
		845BDBD8294353A700CBF372 /* RawRepresentableExt.swift in Sources */ = {isa = PBXBuildFile; fileRef = 845BDBD7294353A700CBF372 /* RawRepresentableExt.swift */; };
		845BDBDA294353B900CBF372 /* LocalizedError.swift in Sources */ = {isa = PBXBuildFile; fileRef = 845BDBD9294353B900CBF372 /* LocalizedError.swift */; };
		845BDBDD2943551400CBF372 /* info.rtfd in Resources */ = {isa = PBXBuildFile; fileRef = 845BDBDC2943551400CBF372 /* info.rtfd */; };
/* End PBXBuildFile section */

/* Begin PBXContainerItemProxy section */
		845BDB8D2943511500CBF372 /* PBXContainerItemProxy */ = {
			isa = PBXContainerItemProxy;
			containerPortal = 845BDB6E2943511200CBF372 /* Project object */;
			proxyType = 1;
			remoteGlobalIDString = 845BDB752943511200CBF372;
			remoteInfo = Proxy;
		};
		845BDB972943511600CBF372 /* PBXContainerItemProxy */ = {
			isa = PBXContainerItemProxy;
			containerPortal = 845BDB6E2943511200CBF372 /* Project object */;
			proxyType = 1;
			remoteGlobalIDString = 845BDB752943511200CBF372;
			remoteInfo = Proxy;
		};
/* End PBXContainerItemProxy section */

/* Begin PBXFileReference section */
		845BDB762943511200CBF372 /* Proxy.app */ = {isa = PBXFileReference; explicitFileType = wrapper.application; includeInIndex = 0; path = Proxy.app; sourceTree = BUILT_PRODUCTS_DIR; };
		845BDB792943511200CBF372 /* AppDelegate.swift */ = {isa = PBXFileReference; lastKnownFileType = sourcecode.swift; path = AppDelegate.swift; sourceTree = "<group>"; };
		845BDB802943511200CBF372 /* Base */ = {isa = PBXFileReference; lastKnownFileType = file.storyboard; name = Base; path = Base.lproj/Main.storyboard; sourceTree = "<group>"; };
		845BDB822943511500CBF372 /* Assets.xcassets */ = {isa = PBXFileReference; lastKnownFileType = folder.assetcatalog; path = Assets.xcassets; sourceTree = "<group>"; };
		845BDB852943511500CBF372 /* Base */ = {isa = PBXFileReference; lastKnownFileType = file.storyboard; name = Base; path = Base.lproj/LaunchScreen.storyboard; sourceTree = "<group>"; };
		845BDB872943511500CBF372 /* Info.plist */ = {isa = PBXFileReference; lastKnownFileType = text.plist.xml; path = Info.plist; sourceTree = "<group>"; };
		845BDB8C2943511500CBF372 /* ProxyTests.xctest */ = {isa = PBXFileReference; explicitFileType = wrapper.cfbundle; includeInIndex = 0; path = ProxyTests.xctest; sourceTree = BUILT_PRODUCTS_DIR; };
		845BDB902943511600CBF372 /* ProxyTests.swift */ = {isa = PBXFileReference; lastKnownFileType = sourcecode.swift; path = ProxyTests.swift; sourceTree = "<group>"; };
		845BDB962943511600CBF372 /* ProxyUITests.xctest */ = {isa = PBXFileReference; explicitFileType = wrapper.cfbundle; includeInIndex = 0; path = ProxyUITests.xctest; sourceTree = BUILT_PRODUCTS_DIR; };
		845BDB9A2943511600CBF372 /* ProxyUITests.swift */ = {isa = PBXFileReference; lastKnownFileType = sourcecode.swift; path = ProxyUITests.swift; sourceTree = "<group>"; };
		845BDB9C2943511600CBF372 /* ProxyUITestsLaunchTests.swift */ = {isa = PBXFileReference; lastKnownFileType = sourcecode.swift; path = ProxyUITestsLaunchTests.swift; sourceTree = "<group>"; };
		845BDBAE2943516C00CBF372 /* ProxyVC.swift */ = {isa = PBXFileReference; lastKnownFileType = sourcecode.swift; path = ProxyVC.swift; sourceTree = "<group>"; };
		845BDBB32943520800CBF372 /* Subject.swift */ = {isa = PBXFileReference; lastKnownFileType = sourcecode.swift; path = Subject.swift; sourceTree = "<group>"; };
		845BDBB72943524100CBF372 /* RealSubject.swift */ = {isa = PBXFileReference; lastKnownFileType = sourcecode.swift; path = RealSubject.swift; sourceTree = "<group>"; };
		845BDBBA2943525A00CBF372 /* Proxy.swift */ = {isa = PBXFileReference; lastKnownFileType = sourcecode.swift; path = Proxy.swift; sourceTree = "<group>"; };
		845BDBBC2943526C00CBF372 /* Client.swift */ = {isa = PBXFileReference; lastKnownFileType = sourcecode.swift; path = Client.swift; sourceTree = "<group>"; };
		845BDBBF294352C900CBF372 /* AccessField.swift */ = {isa = PBXFileReference; lastKnownFileType = sourcecode.swift; path = AccessField.swift; sourceTree = "<group>"; };
		845BDBC2294352E200CBF372 /* ProfileService.swift */ = {isa = PBXFileReference; lastKnownFileType = sourcecode.swift; path = ProfileService.swift; sourceTree = "<group>"; };
		845BDBC5294352F900CBF372 /* ProfileProxy.swift */ = {isa = PBXFileReference; lastKnownFileType = sourcecode.swift; path = ProfileProxy.swift; sourceTree = "<group>"; };
		845BDBC82943531400CBF372 /* Keychain.swift */ = {isa = PBXFileReference; lastKnownFileType = sourcecode.swift; path = Keychain.swift; sourceTree = "<group>"; };
		845BDBCD2943533F00CBF372 /* BiometricsService.swift */ = {isa = PBXFileReference; lastKnownFileType = sourcecode.swift; path = BiometricsService.swift; sourceTree = "<group>"; };
		845BDBD02943535E00CBF372 /* Profile.swift */ = {isa = PBXFileReference; lastKnownFileType = sourcecode.swift; path = Profile.swift; sourceTree = "<group>"; };
		845BDBD22943536B00CBF372 /* BankAccount.swift */ = {isa = PBXFileReference; lastKnownFileType = sourcecode.swift; path = BankAccount.swift; sourceTree = "<group>"; };
		845BDBD42943537A00CBF372 /* ProfileError.swift */ = {isa = PBXFileReference; lastKnownFileType = sourcecode.swift; path = ProfileError.swift; sourceTree = "<group>"; };
		845BDBD7294353A700CBF372 /* RawRepresentableExt.swift */ = {isa = PBXFileReference; lastKnownFileType = sourcecode.swift; path = RawRepresentableExt.swift; sourceTree = "<group>"; };
		845BDBD9294353B900CBF372 /* LocalizedError.swift */ = {isa = PBXFileReference; lastKnownFileType = sourcecode.swift; path = LocalizedError.swift; sourceTree = "<group>"; };
		845BDBDC2943551400CBF372 /* info.rtfd */ = {isa = PBXFileReference; lastKnownFileType = wrapper.rtfd; path = info.rtfd; sourceTree = "<group>"; };
/* End PBXFileReference section */

/* Begin PBXFrameworksBuildPhase section */
		845BDB732943511200CBF372 /* Frameworks */ = {
			isa = PBXFrameworksBuildPhase;
			buildActionMask = 2147483647;
			files = (
			);
			runOnlyForDeploymentPostprocessing = 0;
		};
		845BDB892943511500CBF372 /* Frameworks */ = {
			isa = PBXFrameworksBuildPhase;
			buildActionMask = 2147483647;
			files = (
			);
			runOnlyForDeploymentPostprocessing = 0;
		};
		845BDB932943511600CBF372 /* Frameworks */ = {
			isa = PBXFrameworksBuildPhase;
			buildActionMask = 2147483647;
			files = (
			);
			runOnlyForDeploymentPostprocessing = 0;
		};
/* End PBXFrameworksBuildPhase section */

/* Begin PBXGroup section */
		845BDB6D2943511200CBF372 = {
			isa = PBXGroup;
			children = (
				845BDB782943511200CBF372 /* Proxy */,
				845BDB8F2943511600CBF372 /* ProxyTests */,
				845BDB992943511600CBF372 /* ProxyUITests */,
				845BDB772943511200CBF372 /* Products */,
			);
			sourceTree = "<group>";
		};
		845BDB772943511200CBF372 /* Products */ = {
			isa = PBXGroup;
			children = (
				845BDB762943511200CBF372 /* Proxy.app */,
				845BDB8C2943511500CBF372 /* ProxyTests.xctest */,
				845BDB962943511600CBF372 /* ProxyUITests.xctest */,
			);
			name = Products;
			sourceTree = "<group>";
		};
		845BDB782943511200CBF372 /* Proxy */ = {
			isa = PBXGroup;
			children = (
				845BDB792943511200CBF372 /* AppDelegate.swift */,
				845BDBAC2943515100CBF372 /* Example */,
				845BDBAB2943514B00CBF372 /* Concept */,
				845BDBAA2943514300CBF372 /* ViewControllers */,
				845BDBA92943513B00CBF372 /* Storyboards */,
				845BDB822943511500CBF372 /* Assets.xcassets */,
				845BDBDB294354FF00CBF372 /* info */,
				845BDB872943511500CBF372 /* Info.plist */,
			);
			path = Proxy;
			sourceTree = "<group>";
		};
		845BDB8F2943511600CBF372 /* ProxyTests */ = {
			isa = PBXGroup;
			children = (
				845BDB902943511600CBF372 /* ProxyTests.swift */,
			);
			path = ProxyTests;
			sourceTree = "<group>";
		};
		845BDB992943511600CBF372 /* ProxyUITests */ = {
			isa = PBXGroup;
			children = (
				845BDB9A2943511600CBF372 /* ProxyUITests.swift */,
				845BDB9C2943511600CBF372 /* ProxyUITestsLaunchTests.swift */,
			);
			path = ProxyUITests;
			sourceTree = "<group>";
		};
		845BDBA92943513B00CBF372 /* Storyboards */ = {
			isa = PBXGroup;
			children = (
				845BDB7F2943511200CBF372 /* Main.storyboard */,
				845BDB842943511500CBF372 /* LaunchScreen.storyboard */,
			);
			path = Storyboards;
			sourceTree = "<group>";
		};
		845BDBAA2943514300CBF372 /* ViewControllers */ = {
			isa = PBXGroup;
			children = (
				845BDBAD2943515800CBF372 /* ProxyVC */,
			);
			path = ViewControllers;
			sourceTree = "<group>";
		};
		845BDBAB2943514B00CBF372 /* Concept */ = {
			isa = PBXGroup;
			children = (
				845BDBB0294351EC00CBF372 /* Interface */,
				845BDBB62943523300CBF372 /* Subject */,
				845BDBB92943524E00CBF372 /* Proxy */,
				845BDBB52943522E00CBF372 /* Client */,
			);
			path = Concept;
			sourceTree = "<group>";
		};
		845BDBAC2943515100CBF372 /* Example */ = {
			isa = PBXGroup;
			children = (
				845BDBCA2943532500CBF372 /* Service */,
				845BDBC72943530300CBF372 /* Keychain */,
				845BDBC1294352D500CBF372 /* Interface */,
				845BDBC4294352ED00CBF372 /* Proxy */,
				845BDBBE294352BF00CBF372 /* Enums */,
				845BDBCF2943534F00CBF372 /* Structures */,
				845BDBD62943539600CBF372 /* Extensions */,
			);
			path = Example;
			sourceTree = "<group>";
		};
		845BDBAD2943515800CBF372 /* ProxyVC */ = {
			isa = PBXGroup;
			children = (
				845BDBAE2943516C00CBF372 /* ProxyVC.swift */,
			);
			path = ProxyVC;
			sourceTree = "<group>";
		};
		845BDBB0294351EC00CBF372 /* Interface */ = {
			isa = PBXGroup;
			children = (
				845BDBB32943520800CBF372 /* Subject.swift */,
			);
			path = Interface;
			sourceTree = "<group>";
		};
		845BDBB52943522E00CBF372 /* Client */ = {
			isa = PBXGroup;
			children = (
				845BDBBC2943526C00CBF372 /* Client.swift */,
			);
			path = Client;
			sourceTree = "<group>";
		};
		845BDBB62943523300CBF372 /* Subject */ = {
			isa = PBXGroup;
			children = (
				845BDBB72943524100CBF372 /* RealSubject.swift */,
			);
			path = Subject;
			sourceTree = "<group>";
		};
		845BDBB92943524E00CBF372 /* Proxy */ = {
			isa = PBXGroup;
			children = (
				845BDBBA2943525A00CBF372 /* Proxy.swift */,
			);
			path = Proxy;
			sourceTree = "<group>";
		};
		845BDBBE294352BF00CBF372 /* Enums */ = {
			isa = PBXGroup;
			children = (
				845BDBBF294352C900CBF372 /* AccessField.swift */,
				845BDBD42943537A00CBF372 /* ProfileError.swift */,
			);
			path = Enums;
			sourceTree = "<group>";
		};
		845BDBC1294352D500CBF372 /* Interface */ = {
			isa = PBXGroup;
			children = (
				845BDBC2294352E200CBF372 /* ProfileService.swift */,
			);
			path = Interface;
			sourceTree = "<group>";
		};
		845BDBC4294352ED00CBF372 /* Proxy */ = {
			isa = PBXGroup;
			children = (
				845BDBC5294352F900CBF372 /* ProfileProxy.swift */,
			);
			path = Proxy;
			sourceTree = "<group>";
		};
		845BDBC72943530300CBF372 /* Keychain */ = {
			isa = PBXGroup;
			children = (
				845BDBC82943531400CBF372 /* Keychain.swift */,
			);
			path = Keychain;
			sourceTree = "<group>";
		};
		845BDBCA2943532500CBF372 /* Service */ = {
			isa = PBXGroup;
			children = (
				845BDBCD2943533F00CBF372 /* BiometricsService.swift */,
			);
			path = Service;
			sourceTree = "<group>";
		};
		845BDBCF2943534F00CBF372 /* Structures */ = {
			isa = PBXGroup;
			children = (
				845BDBD02943535E00CBF372 /* Profile.swift */,
				845BDBD22943536B00CBF372 /* BankAccount.swift */,
			);
			path = Structures;
			sourceTree = "<group>";
		};
		845BDBD62943539600CBF372 /* Extensions */ = {
			isa = PBXGroup;
			children = (
				845BDBD9294353B900CBF372 /* LocalizedError.swift */,
				845BDBD7294353A700CBF372 /* RawRepresentableExt.swift */,
			);
			path = Extensions;
			sourceTree = "<group>";
		};
		845BDBDB294354FF00CBF372 /* info */ = {
			isa = PBXGroup;
			children = (
				845BDBDC2943551400CBF372 /* info.rtfd */,
			);
			path = info;
			sourceTree = "<group>";
		};
/* End PBXGroup section */

/* Begin PBXNativeTarget section */
		845BDB752943511200CBF372 /* Proxy */ = {
			isa = PBXNativeTarget;
			buildConfigurationList = 845BDBA02943511600CBF372 /* Build configuration list for PBXNativeTarget "Proxy" */;
			buildPhases = (
				845BDB722943511200CBF372 /* Sources */,
				845BDB732943511200CBF372 /* Frameworks */,
				845BDB742943511200CBF372 /* Resources */,
			);
			buildRules = (
			);
			dependencies = (
			);
			name = Proxy;
			productName = Proxy;
			productReference = 845BDB762943511200CBF372 /* Proxy.app */;
			productType = "com.apple.product-type.application";
		};
		845BDB8B2943511500CBF372 /* ProxyTests */ = {
			isa = PBXNativeTarget;
			buildConfigurationList = 845BDBA32943511600CBF372 /* Build configuration list for PBXNativeTarget "ProxyTests" */;
			buildPhases = (
				845BDB882943511500CBF372 /* Sources */,
				845BDB892943511500CBF372 /* Frameworks */,
				845BDB8A2943511500CBF372 /* Resources */,
			);
			buildRules = (
			);
			dependencies = (
				845BDB8E2943511500CBF372 /* PBXTargetDependency */,
			);
			name = ProxyTests;
			productName = ProxyTests;
			productReference = 845BDB8C2943511500CBF372 /* ProxyTests.xctest */;
			productType = "com.apple.product-type.bundle.unit-test";
		};
		845BDB952943511600CBF372 /* ProxyUITests */ = {
			isa = PBXNativeTarget;
			buildConfigurationList = 845BDBA62943511600CBF372 /* Build configuration list for PBXNativeTarget "ProxyUITests" */;
			buildPhases = (
				845BDB922943511600CBF372 /* Sources */,
				845BDB932943511600CBF372 /* Frameworks */,
				845BDB942943511600CBF372 /* Resources */,
			);
			buildRules = (
			);
			dependencies = (
				845BDB982943511600CBF372 /* PBXTargetDependency */,
			);
			name = ProxyUITests;
			productName = ProxyUITests;
			productReference = 845BDB962943511600CBF372 /* ProxyUITests.xctest */;
			productType = "com.apple.product-type.bundle.ui-testing";
		};
/* End PBXNativeTarget section */

/* Begin PBXProject section */
		845BDB6E2943511200CBF372 /* Project object */ = {
			isa = PBXProject;
			attributes = {
				BuildIndependentTargetsInParallel = 1;
				LastSwiftUpdateCheck = 1400;
				LastUpgradeCheck = 1400;
				TargetAttributes = {
					845BDB752943511200CBF372 = {
						CreatedOnToolsVersion = 14.0.1;
					};
					845BDB8B2943511500CBF372 = {
						CreatedOnToolsVersion = 14.0.1;
						TestTargetID = 845BDB752943511200CBF372;
					};
					845BDB952943511600CBF372 = {
						CreatedOnToolsVersion = 14.0.1;
						TestTargetID = 845BDB752943511200CBF372;
					};
				};
			};
			buildConfigurationList = 845BDB712943511200CBF372 /* Build configuration list for PBXProject "Proxy" */;
			compatibilityVersion = "Xcode 14.0";
			developmentRegion = en;
			hasScannedForEncodings = 0;
			knownRegions = (
				en,
				Base,
			);
			mainGroup = 845BDB6D2943511200CBF372;
			productRefGroup = 845BDB772943511200CBF372 /* Products */;
			projectDirPath = "";
			projectRoot = "";
			targets = (
				845BDB752943511200CBF372 /* Proxy */,
				845BDB8B2943511500CBF372 /* ProxyTests */,
				845BDB952943511600CBF372 /* ProxyUITests */,
			);
		};
/* End PBXProject section */

/* Begin PBXResourcesBuildPhase section */
		845BDB742943511200CBF372 /* Resources */ = {
			isa = PBXResourcesBuildPhase;
			buildActionMask = 2147483647;
			files = (
				845BDB862943511500CBF372 /* LaunchScreen.storyboard in Resources */,
				845BDB832943511500CBF372 /* Assets.xcassets in Resources */,
				845BDBDD2943551400CBF372 /* info.rtfd in Resources */,
				845BDB812943511200CBF372 /* Main.storyboard in Resources */,
			);
			runOnlyForDeploymentPostprocessing = 0;
		};
		845BDB8A2943511500CBF372 /* Resources */ = {
			isa = PBXResourcesBuildPhase;
			buildActionMask = 2147483647;
			files = (
			);
			runOnlyForDeploymentPostprocessing = 0;
		};
		845BDB942943511600CBF372 /* Resources */ = {
			isa = PBXResourcesBuildPhase;
			buildActionMask = 2147483647;
			files = (
			);
			runOnlyForDeploymentPostprocessing = 0;
		};
/* End PBXResourcesBuildPhase section */

/* Begin PBXSourcesBuildPhase section */
		845BDB722943511200CBF372 /* Sources */ = {
			isa = PBXSourcesBuildPhase;
			buildActionMask = 2147483647;
			files = (
				845BDBDA294353B900CBF372 /* LocalizedError.swift in Sources */,
				845BDBB82943524100CBF372 /* RealSubject.swift in Sources */,
				845BDBD12943535E00CBF372 /* Profile.swift in Sources */,
				845BDBC3294352E200CBF372 /* ProfileService.swift in Sources */,
				845BDB7A2943511200CBF372 /* AppDelegate.swift in Sources */,
				845BDBD52943537A00CBF372 /* ProfileError.swift in Sources */,
				845BDBCE2943533F00CBF372 /* BiometricsService.swift in Sources */,
				845BDBC6294352F900CBF372 /* ProfileProxy.swift in Sources */,
				845BDBD32943536B00CBF372 /* BankAccount.swift in Sources */,
				845BDBBD2943526C00CBF372 /* Client.swift in Sources */,
				845BDBD8294353A700CBF372 /* RawRepresentableExt.swift in Sources */,
				845BDBB42943520800CBF372 /* Subject.swift in Sources */,
				845BDBC0294352C900CBF372 /* AccessField.swift in Sources */,
				845BDBAF2943516C00CBF372 /* ProxyVC.swift in Sources */,
				845BDBBB2943525A00CBF372 /* Proxy.swift in Sources */,
				845BDBC92943531400CBF372 /* Keychain.swift in Sources */,
			);
			runOnlyForDeploymentPostprocessing = 0;
		};
		845BDB882943511500CBF372 /* Sources */ = {
			isa = PBXSourcesBuildPhase;
			buildActionMask = 2147483647;
			files = (
				845BDB912943511600CBF372 /* ProxyTests.swift in Sources */,
			);
			runOnlyForDeploymentPostprocessing = 0;
		};
		845BDB922943511600CBF372 /* Sources */ = {
			isa = PBXSourcesBuildPhase;
			buildActionMask = 2147483647;
			files = (
				845BDB9B2943511600CBF372 /* ProxyUITests.swift in Sources */,
				845BDB9D2943511600CBF372 /* ProxyUITestsLaunchTests.swift in Sources */,
			);
			runOnlyForDeploymentPostprocessing = 0;
		};
/* End PBXSourcesBuildPhase section */

/* Begin PBXTargetDependency section */
		845BDB8E2943511500CBF372 /* PBXTargetDependency */ = {
			isa = PBXTargetDependency;
			target = 845BDB752943511200CBF372 /* Proxy */;
			targetProxy = 845BDB8D2943511500CBF372 /* PBXContainerItemProxy */;
		};
		845BDB982943511600CBF372 /* PBXTargetDependency */ = {
			isa = PBXTargetDependency;
			target = 845BDB752943511200CBF372 /* Proxy */;
			targetProxy = 845BDB972943511600CBF372 /* PBXContainerItemProxy */;
		};
/* End PBXTargetDependency section */

/* Begin PBXVariantGroup section */
		845BDB7F2943511200CBF372 /* Main.storyboard */ = {
			isa = PBXVariantGroup;
			children = (
				845BDB802943511200CBF372 /* Base */,
			);
			name = Main.storyboard;
			sourceTree = "<group>";
		};
		845BDB842943511500CBF372 /* LaunchScreen.storyboard */ = {
			isa = PBXVariantGroup;
			children = (
				845BDB852943511500CBF372 /* Base */,
			);
			name = LaunchScreen.storyboard;
			sourceTree = "<group>";
		};
/* End PBXVariantGroup section */

/* Begin XCBuildConfiguration section */
		845BDB9E2943511600CBF372 /* Debug */ = {
			isa = XCBuildConfiguration;
			buildSettings = {
				ALWAYS_SEARCH_USER_PATHS = NO;
				CLANG_ANALYZER_NONNULL = YES;
				CLANG_ANALYZER_NUMBER_OBJECT_CONVERSION = YES_AGGRESSIVE;
				CLANG_CXX_LANGUAGE_STANDARD = "gnu++20";
				CLANG_ENABLE_MODULES = YES;
				CLANG_ENABLE_OBJC_ARC = YES;
				CLANG_ENABLE_OBJC_WEAK = YES;
				CLANG_WARN_BLOCK_CAPTURE_AUTORELEASING = YES;
				CLANG_WARN_BOOL_CONVERSION = YES;
				CLANG_WARN_COMMA = YES;
				CLANG_WARN_CONSTANT_CONVERSION = YES;
				CLANG_WARN_DEPRECATED_OBJC_IMPLEMENTATIONS = YES;
				CLANG_WARN_DIRECT_OBJC_ISA_USAGE = YES_ERROR;
				CLANG_WARN_DOCUMENTATION_COMMENTS = YES;
				CLANG_WARN_EMPTY_BODY = YES;
				CLANG_WARN_ENUM_CONVERSION = YES;
				CLANG_WARN_INFINITE_RECURSION = YES;
				CLANG_WARN_INT_CONVERSION = YES;
				CLANG_WARN_NON_LITERAL_NULL_CONVERSION = YES;
				CLANG_WARN_OBJC_IMPLICIT_RETAIN_SELF = YES;
				CLANG_WARN_OBJC_LITERAL_CONVERSION = YES;
				CLANG_WARN_OBJC_ROOT_CLASS = YES_ERROR;
				CLANG_WARN_QUOTED_INCLUDE_IN_FRAMEWORK_HEADER = YES;
				CLANG_WARN_RANGE_LOOP_ANALYSIS = YES;
				CLANG_WARN_STRICT_PROTOTYPES = YES;
				CLANG_WARN_SUSPICIOUS_MOVE = YES;
				CLANG_WARN_UNGUARDED_AVAILABILITY = YES_AGGRESSIVE;
				CLANG_WARN_UNREACHABLE_CODE = YES;
				CLANG_WARN__DUPLICATE_METHOD_MATCH = YES;
				COPY_PHASE_STRIP = NO;
				DEBUG_INFORMATION_FORMAT = dwarf;
				ENABLE_STRICT_OBJC_MSGSEND = YES;
				ENABLE_TESTABILITY = YES;
				GCC_C_LANGUAGE_STANDARD = gnu11;
				GCC_DYNAMIC_NO_PIC = NO;
				GCC_NO_COMMON_BLOCKS = YES;
				GCC_OPTIMIZATION_LEVEL = 0;
				GCC_PREPROCESSOR_DEFINITIONS = (
					"DEBUG=1",
					"$(inherited)",
				);
				GCC_WARN_64_TO_32_BIT_CONVERSION = YES;
				GCC_WARN_ABOUT_RETURN_TYPE = YES_ERROR;
				GCC_WARN_UNDECLARED_SELECTOR = YES;
				GCC_WARN_UNINITIALIZED_AUTOS = YES_AGGRESSIVE;
				GCC_WARN_UNUSED_FUNCTION = YES;
				GCC_WARN_UNUSED_VARIABLE = YES;
				IPHONEOS_DEPLOYMENT_TARGET = 16.0;
				MTL_ENABLE_DEBUG_INFO = INCLUDE_SOURCE;
				MTL_FAST_MATH = YES;
				ONLY_ACTIVE_ARCH = YES;
				SDKROOT = iphoneos;
				SWIFT_ACTIVE_COMPILATION_CONDITIONS = DEBUG;
				SWIFT_OPTIMIZATION_LEVEL = "-Onone";
			};
			name = Debug;
		};
		845BDB9F2943511600CBF372 /* Release */ = {
			isa = XCBuildConfiguration;
			buildSettings = {
				ALWAYS_SEARCH_USER_PATHS = NO;
				CLANG_ANALYZER_NONNULL = YES;
				CLANG_ANALYZER_NUMBER_OBJECT_CONVERSION = YES_AGGRESSIVE;
				CLANG_CXX_LANGUAGE_STANDARD = "gnu++20";
				CLANG_ENABLE_MODULES = YES;
				CLANG_ENABLE_OBJC_ARC = YES;
				CLANG_ENABLE_OBJC_WEAK = YES;
				CLANG_WARN_BLOCK_CAPTURE_AUTORELEASING = YES;
				CLANG_WARN_BOOL_CONVERSION = YES;
				CLANG_WARN_COMMA = YES;
				CLANG_WARN_CONSTANT_CONVERSION = YES;
				CLANG_WARN_DEPRECATED_OBJC_IMPLEMENTATIONS = YES;
				CLANG_WARN_DIRECT_OBJC_ISA_USAGE = YES_ERROR;
				CLANG_WARN_DOCUMENTATION_COMMENTS = YES;
				CLANG_WARN_EMPTY_BODY = YES;
				CLANG_WARN_ENUM_CONVERSION = YES;
				CLANG_WARN_INFINITE_RECURSION = YES;
				CLANG_WARN_INT_CONVERSION = YES;
				CLANG_WARN_NON_LITERAL_NULL_CONVERSION = YES;
				CLANG_WARN_OBJC_IMPLICIT_RETAIN_SELF = YES;
				CLANG_WARN_OBJC_LITERAL_CONVERSION = YES;
				CLANG_WARN_OBJC_ROOT_CLASS = YES_ERROR;
				CLANG_WARN_QUOTED_INCLUDE_IN_FRAMEWORK_HEADER = YES;
				CLANG_WARN_RANGE_LOOP_ANALYSIS = YES;
				CLANG_WARN_STRICT_PROTOTYPES = YES;
				CLANG_WARN_SUSPICIOUS_MOVE = YES;
				CLANG_WARN_UNGUARDED_AVAILABILITY = YES_AGGRESSIVE;
				CLANG_WARN_UNREACHABLE_CODE = YES;
				CLANG_WARN__DUPLICATE_METHOD_MATCH = YES;
				COPY_PHASE_STRIP = NO;
				DEBUG_INFORMATION_FORMAT = "dwarf-with-dsym";
				ENABLE_NS_ASSERTIONS = NO;
				ENABLE_STRICT_OBJC_MSGSEND = YES;
				GCC_C_LANGUAGE_STANDARD = gnu11;
				GCC_NO_COMMON_BLOCKS = YES;
				GCC_WARN_64_TO_32_BIT_CONVERSION = YES;
				GCC_WARN_ABOUT_RETURN_TYPE = YES_ERROR;
				GCC_WARN_UNDECLARED_SELECTOR = YES;
				GCC_WARN_UNINITIALIZED_AUTOS = YES_AGGRESSIVE;
				GCC_WARN_UNUSED_FUNCTION = YES;
				GCC_WARN_UNUSED_VARIABLE = YES;
				IPHONEOS_DEPLOYMENT_TARGET = 16.0;
				MTL_ENABLE_DEBUG_INFO = NO;
				MTL_FAST_MATH = YES;
				SDKROOT = iphoneos;
				SWIFT_COMPILATION_MODE = wholemodule;
				SWIFT_OPTIMIZATION_LEVEL = "-O";
				VALIDATE_PRODUCT = YES;
			};
			name = Release;
		};
		845BDBA12943511600CBF372 /* Debug */ = {
			isa = XCBuildConfiguration;
			buildSettings = {
				ASSETCATALOG_COMPILER_APPICON_NAME = AppIcon;
				ASSETCATALOG_COMPILER_GLOBAL_ACCENT_COLOR_NAME = AccentColor;
				CODE_SIGN_STYLE = Automatic;
				CURRENT_PROJECT_VERSION = 1;
				DEVELOPMENT_TEAM = N4M3759P9C;
				GENERATE_INFOPLIST_FILE = YES;
				INFOPLIST_FILE = Proxy/Info.plist;
				INFOPLIST_KEY_UIApplicationSupportsIndirectInputEvents = YES;
				INFOPLIST_KEY_UILaunchStoryboardName = LaunchScreen;
				INFOPLIST_KEY_UIMainStoryboardFile = Main;
				INFOPLIST_KEY_UISupportedInterfaceOrientations = UIInterfaceOrientationPortrait;
				LD_RUNPATH_SEARCH_PATHS = (
					"$(inherited)",
					"@executable_path/Frameworks",
				);
				MARKETING_VERSION = 1.0;
				PRODUCT_BUNDLE_IDENTIFIER = com.Proxy;
				PRODUCT_NAME = "$(TARGET_NAME)";
				SUPPORTED_PLATFORMS = "iphoneos iphonesimulator";
				SUPPORTS_MACCATALYST = NO;
				SUPPORTS_MAC_DESIGNED_FOR_IPHONE_IPAD = NO;
				SWIFT_EMIT_LOC_STRINGS = YES;
				SWIFT_VERSION = 5.0;
				TARGETED_DEVICE_FAMILY = 1;
			};
			name = Debug;
		};
		845BDBA22943511600CBF372 /* Release */ = {
			isa = XCBuildConfiguration;
			buildSettings = {
				ASSETCATALOG_COMPILER_APPICON_NAME = AppIcon;
				ASSETCATALOG_COMPILER_GLOBAL_ACCENT_COLOR_NAME = AccentColor;
				CODE_SIGN_STYLE = Automatic;
				CURRENT_PROJECT_VERSION = 1;
				DEVELOPMENT_TEAM = N4M3759P9C;
				GENERATE_INFOPLIST_FILE = YES;
				INFOPLIST_FILE = Proxy/Info.plist;
				INFOPLIST_KEY_UIApplicationSupportsIndirectInputEvents = YES;
				INFOPLIST_KEY_UILaunchStoryboardName = LaunchScreen;
				INFOPLIST_KEY_UIMainStoryboardFile = Main;
				INFOPLIST_KEY_UISupportedInterfaceOrientations = UIInterfaceOrientationPortrait;
				LD_RUNPATH_SEARCH_PATHS = (
					"$(inherited)",
					"@executable_path/Frameworks",
				);
				MARKETING_VERSION = 1.0;
				PRODUCT_BUNDLE_IDENTIFIER = com.Proxy;
				PRODUCT_NAME = "$(TARGET_NAME)";
				SUPPORTED_PLATFORMS = "iphoneos iphonesimulator";
				SUPPORTS_MACCATALYST = NO;
				SUPPORTS_MAC_DESIGNED_FOR_IPHONE_IPAD = NO;
				SWIFT_EMIT_LOC_STRINGS = YES;
				SWIFT_VERSION = 5.0;
				TARGETED_DEVICE_FAMILY = 1;
			};
			name = Release;
		};
		845BDBA42943511600CBF372 /* Debug */ = {
			isa = XCBuildConfiguration;
			buildSettings = {
				ALWAYS_EMBED_SWIFT_STANDARD_LIBRARIES = YES;
				BUNDLE_LOADER = "$(TEST_HOST)";
				CODE_SIGN_STYLE = Automatic;
				CURRENT_PROJECT_VERSION = 1;
				DEVELOPMENT_TEAM = N4M3759P9C;
				GENERATE_INFOPLIST_FILE = YES;
				IPHONEOS_DEPLOYMENT_TARGET = 16.0;
				MARKETING_VERSION = 1.0;
				PRODUCT_BUNDLE_IDENTIFIER = com.ProxyTests;
				PRODUCT_NAME = "$(TARGET_NAME)";
				SWIFT_EMIT_LOC_STRINGS = NO;
				SWIFT_VERSION = 5.0;
				TARGETED_DEVICE_FAMILY = "1,2";
				TEST_HOST = "$(BUILT_PRODUCTS_DIR)/Proxy.app/$(BUNDLE_EXECUTABLE_FOLDER_PATH)/Proxy";
			};
			name = Debug;
		};
		845BDBA52943511600CBF372 /* Release */ = {
			isa = XCBuildConfiguration;
			buildSettings = {
				ALWAYS_EMBED_SWIFT_STANDARD_LIBRARIES = YES;
				BUNDLE_LOADER = "$(TEST_HOST)";
				CODE_SIGN_STYLE = Automatic;
				CURRENT_PROJECT_VERSION = 1;
				DEVELOPMENT_TEAM = N4M3759P9C;
				GENERATE_INFOPLIST_FILE = YES;
				IPHONEOS_DEPLOYMENT_TARGET = 16.0;
				MARKETING_VERSION = 1.0;
				PRODUCT_BUNDLE_IDENTIFIER = com.ProxyTests;
				PRODUCT_NAME = "$(TARGET_NAME)";
				SWIFT_EMIT_LOC_STRINGS = NO;
				SWIFT_VERSION = 5.0;
				TARGETED_DEVICE_FAMILY = "1,2";
				TEST_HOST = "$(BUILT_PRODUCTS_DIR)/Proxy.app/$(BUNDLE_EXECUTABLE_FOLDER_PATH)/Proxy";
			};
			name = Release;
		};
		845BDBA72943511600CBF372 /* Debug */ = {
			isa = XCBuildConfiguration;
			buildSettings = {
				ALWAYS_EMBED_SWIFT_STANDARD_LIBRARIES = YES;
				CODE_SIGN_STYLE = Automatic;
				CURRENT_PROJECT_VERSION = 1;
				DEVELOPMENT_TEAM = N4M3759P9C;
				GENERATE_INFOPLIST_FILE = YES;
				MARKETING_VERSION = 1.0;
				PRODUCT_BUNDLE_IDENTIFIER = com.ProxyUITests;
				PRODUCT_NAME = "$(TARGET_NAME)";
				SWIFT_EMIT_LOC_STRINGS = NO;
				SWIFT_VERSION = 5.0;
				TARGETED_DEVICE_FAMILY = "1,2";
				TEST_TARGET_NAME = Proxy;
			};
			name = Debug;
		};
		845BDBA82943511600CBF372 /* Release */ = {
			isa = XCBuildConfiguration;
			buildSettings = {
				ALWAYS_EMBED_SWIFT_STANDARD_LIBRARIES = YES;
				CODE_SIGN_STYLE = Automatic;
				CURRENT_PROJECT_VERSION = 1;
				DEVELOPMENT_TEAM = N4M3759P9C;
				GENERATE_INFOPLIST_FILE = YES;
				MARKETING_VERSION = 1.0;
				PRODUCT_BUNDLE_IDENTIFIER = com.ProxyUITests;
				PRODUCT_NAME = "$(TARGET_NAME)";
				SWIFT_EMIT_LOC_STRINGS = NO;
				SWIFT_VERSION = 5.0;
				TARGETED_DEVICE_FAMILY = "1,2";
				TEST_TARGET_NAME = Proxy;
			};
			name = Release;
		};
/* End XCBuildConfiguration section */

/* Begin XCConfigurationList section */
		845BDB712943511200CBF372 /* Build configuration list for PBXProject "Proxy" */ = {
			isa = XCConfigurationList;
			buildConfigurations = (
				845BDB9E2943511600CBF372 /* Debug */,
				845BDB9F2943511600CBF372 /* Release */,
			);
			defaultConfigurationIsVisible = 0;
			defaultConfigurationName = Release;
		};
		845BDBA02943511600CBF372 /* Build configuration list for PBXNativeTarget "Proxy" */ = {
			isa = XCConfigurationList;
			buildConfigurations = (
				845BDBA12943511600CBF372 /* Debug */,
				845BDBA22943511600CBF372 /* Release */,
			);
			defaultConfigurationIsVisible = 0;
			defaultConfigurationName = Release;
		};
		845BDBA32943511600CBF372 /* Build configuration list for PBXNativeTarget "ProxyTests" */ = {
			isa = XCConfigurationList;
			buildConfigurations = (
				845BDBA42943511600CBF372 /* Debug */,
				845BDBA52943511600CBF372 /* Release */,
			);
			defaultConfigurationIsVisible = 0;
			defaultConfigurationName = Release;
		};
		845BDBA62943511600CBF372 /* Build configuration list for PBXNativeTarget "ProxyUITests" */ = {
			isa = XCConfigurationList;
			buildConfigurations = (
				845BDBA72943511600CBF372 /* Debug */,
				845BDBA82943511600CBF372 /* Release */,
			);
			defaultConfigurationIsVisible = 0;
			defaultConfigurationName = Release;
		};
/* End XCConfigurationList section */
	};
	rootObject = 845BDB6E2943511200CBF372 /* Project object */;
}
